Microsoft Visual Studio Solution File, Format Version 11.00
# Visual Studio 2010
Project("{2150E333-8FDC-42A3-9474-1A3956D46DE8}") = "1 - Samples", "1 - Samples", "{15F96F76-8182-402D-BAD9-EFC6FE1D0DCA}"
EndProject
Project("{2150E333-8FDC-42A3-9474-1A3956D46DE8}") = "Solution Items", "Solution Items", "{859B4581-1206-4420-8A8D-B25911407ED3}"
	ProjectSection(SolutionItems) = preProject
		LocalTestRun.testrunconfig = LocalTestRun.testrunconfig
		WpfPropertyGrid.vsmdi = WpfPropertyGrid.vsmdi
		WpfPropertyGrid1.vsmdi = WpfPropertyGrid1.vsmdi
	EndProjectSection
EndProject
Project("{2150E333-8FDC-42A3-9474-1A3956D46DE8}") = "2 - Tests", "2 - Tests", "{A548031D-89A5-465D-B8A4-DA1B8A1B2B97}"
EndProject
Project("{2150E333-8FDC-42A3-9474-1A3956D46DE8}") = "0 -Main", "0 -Main", "{55DD4FA5-C3FD-4DC6-99A9-15D71AC59541}"
EndProject
Project("{FAE04EC0-301F-11D3-BF4B-00C04F79EFBC}") = "WpfPropertyGrid", "Main\WpfPropertyGrid\WpfPropertyGrid.csproj", "{5A48B67F-1E7E-4ED6-A201-F6CC8E7E6788}"
EndProject
Project("{FAE04EC0-301F-11D3-BF4B-00C04F79EFBC}") = "WpfPropertyGrid.Themes", "Main\WpfPropertyGrid.Themes\WpfPropertyGrid.Themes.csproj", "{DD5C7E14-01CC-44FC-81BC-5C6CF6BB2AD9}"
EndProject
Project("{FAE04EC0-301F-11D3-BF4B-00C04F79EFBC}") = "WPG.WindowsFormsIntegration", "Samples\WPG.WindowsFormsIntegration\WPG.WindowsFormsIntegration.csproj", "{10FEEE5B-C2AD-4B44-A697-6BC4E715F9A9}"
EndProject
Project("{FAE04EC0-301F-11D3-BF4B-00C04F79EFBC}") = "WPG.Proxies", "Samples\WPG.Proxies\WPG.Proxies.csproj", "{2397BC43-06BE-4CAB-B464-7F54B166AC11}"
EndProject
Project("{FAE04EC0-301F-11D3-BF4B-00C04F79EFBC}") = "WPG.CustomTypeEditors", "Samples\WPG.CustomTypeEditors\WPG.CustomTypeEditors.csproj", "{53CDF0D4-5E67-429E-9372-27402460C6AD}"
EndProject
Project("{FAE04EC0-301F-11D3-BF4B-00C04F79EFBC}") = "WPG.BrushCategory", "Samples\WPG.BrushCategory\WPG.BrushCategory.csproj", "{08CCBA7A-0042-42A7-855E-09D7AACCE328}"
EndProject
Project("{FAE04EC0-301F-11D3-BF4B-00C04F79EFBC}") = "WPG.UnitTests", "Tests\WPG.UnitTests\WPG.UnitTests.csproj", "{916E06A8-7B5C-4158-8DE3-30E26C041DDF}"
EndProject
Project("{FAE04EC0-301F-11D3-BF4B-00C04F79EFBC}") = "WPG.CategoryEditor", "Samples\WPG.CategoryEditor\WPG.CategoryEditor.csproj", "{B49A9B13-8B8B-4999-B49B-D62C523F68B1}"
EndProject
Project("{FAE04EC0-301F-11D3-BF4B-00C04F79EFBC}") = "WPG.ComplexProperty", "Samples\WPG.ComplexProperty\WPG.ComplexProperty.csproj", "{08F94DE3-4D53-4FBA-9A10-902E37D0FE56}"
EndProject
Project("{FAE04EC0-301F-11D3-BF4B-00C04F79EFBC}") = "WPG.DialogEditor", "Samples\WPG.DialogEditor\WPG.DialogEditor.csproj", "{A55E2D8D-C3B1-48A2-94AD-73F0EBF2B80D}"
EndProject
Project("{FAE04EC0-301F-11D3-BF4B-00C04F79EFBC}") = "WPG.ExtendedEditor", "Samples\WPG.ExtendedEditor\WPG.ExtendedEditor.csproj", "{DD275BBE-4860-45FA-AA0A-6DFC070EF61C}"
EndProject
Global
	GlobalSection(TestCaseManagementSettings) = postSolution
		CategoryFile = WpfPropertyGrid1.vsmdi
	EndGlobalSection
	GlobalSection(SolutionConfigurationPlatforms) = preSolution
		Debug|Any CPU = Debug|Any CPU
		Debug|Mixed Platforms = Debug|Mixed Platforms
		Debug|x86 = Debug|x86
		Release|Any CPU = Release|Any CPU
		Release|Mixed Platforms = Release|Mixed Platforms
		Release|x86 = Release|x86
	EndGlobalSection
	GlobalSection(ProjectConfigurationPlatforms) = postSolution
		{5A48B67F-1E7E-4ED6-A201-F6CC8E7E6788}.Debug|Any CPU.ActiveCfg = Debug|Any CPU
		{5A48B67F-1E7E-4ED6-A201-F6CC8E7E6788}.Debug|Any CPU.Build.0 = Debug|Any CPU
		{5A48B67F-1E7E-4ED6-A201-F6CC8E7E6788}.Debug|Mixed Platforms.ActiveCfg = Debug|Any CPU
		{5A48B67F-1E7E-4ED6-A201-F6CC8E7E6788}.Debug|Mixed Platforms.Build.0 = Debug|Any CPU
		{5A48B67F-1E7E-4ED6-A201-F6CC8E7E6788}.Debug|x86.ActiveCfg = Debug|Any CPU
		{5A48B67F-1E7E-4ED6-A201-F6CC8E7E6788}.Release|Any CPU.ActiveCfg = Release|Any CPU
		{5A48B67F-1E7E-4ED6-A201-F6CC8E7E6788}.Release|Any CPU.Build.0 = Release|Any CPU
		{5A48B67F-1E7E-4ED6-A201-F6CC8E7E6788}.Release|Mixed Platforms.ActiveCfg = Release|Any CPU
		{5A48B67F-1E7E-4ED6-A201-F6CC8E7E6788}.Release|Mixed Platforms.Build.0 = Release|Any CPU
		{5A48B67F-1E7E-4ED6-A201-F6CC8E7E6788}.Release|x86.ActiveCfg = Release|Any CPU
		{DD5C7E14-01CC-44FC-81BC-5C6CF6BB2AD9}.Debug|Any CPU.ActiveCfg = Debug|Any CPU
		{DD5C7E14-01CC-44FC-81BC-5C6CF6BB2AD9}.Debug|Any CPU.Build.0 = Debug|Any CPU
		{DD5C7E14-01CC-44FC-81BC-5C6CF6BB2AD9}.Debug|Mixed Platforms.ActiveCfg = Debug|Any CPU
		{DD5C7E14-01CC-44FC-81BC-5C6CF6BB2AD9}.Debug|Mixed Platforms.Build.0 = Debug|Any CPU
		{DD5C7E14-01CC-44FC-81BC-5C6CF6BB2AD9}.Debug|x86.ActiveCfg = Debug|Any CPU
		{DD5C7E14-01CC-44FC-81BC-5C6CF6BB2AD9}.Release|Any CPU.ActiveCfg = Release|Any CPU
		{DD5C7E14-01CC-44FC-81BC-5C6CF6BB2AD9}.Release|Any CPU.Build.0 = Release|Any CPU
		{DD5C7E14-01CC-44FC-81BC-5C6CF6BB2AD9}.Release|Mixed Platforms.ActiveCfg = Release|Any CPU
		{DD5C7E14-01CC-44FC-81BC-5C6CF6BB2AD9}.Release|Mixed Platforms.Build.0 = Release|Any CPU
		{DD5C7E14-01CC-44FC-81BC-5C6CF6BB2AD9}.Release|x86.ActiveCfg = Release|Any CPU
		{10FEEE5B-C2AD-4B44-A697-6BC4E715F9A9}.Debug|Any CPU.ActiveCfg = Debug|Any CPU
		{10FEEE5B-C2AD-4B44-A697-6BC4E715F9A9}.Debug|Any CPU.Build.0 = Debug|Any CPU
		{10FEEE5B-C2AD-4B44-A697-6BC4E715F9A9}.Debug|Mixed Platforms.ActiveCfg = Debug|Any CPU
		{10FEEE5B-C2AD-4B44-A697-6BC4E715F9A9}.Debug|Mixed Platforms.Build.0 = Debug|Any CPU
		{10FEEE5B-C2AD-4B44-A697-6BC4E715F9A9}.Debug|x86.ActiveCfg = Debug|Any CPU
		{10FEEE5B-C2AD-4B44-A697-6BC4E715F9A9}.Release|Any CPU.ActiveCfg = Release|Any CPU
		{10FEEE5B-C2AD-4B44-A697-6BC4E715F9A9}.Release|Any CPU.Build.0 = Release|Any CPU
		{10FEEE5B-C2AD-4B44-A697-6BC4E715F9A9}.Release|Mixed Platforms.ActiveCfg = Release|Any CPU
		{10FEEE5B-C2AD-4B44-A697-6BC4E715F9A9}.Release|Mixed Platforms.Build.0 = Release|Any CPU
		{10FEEE5B-C2AD-4B44-A697-6BC4E715F9A9}.Release|x86.ActiveCfg = Release|Any CPU
		{2397BC43-06BE-4CAB-B464-7F54B166AC11}.Debug|Any CPU.ActiveCfg = Debug|Any CPU
		{2397BC43-06BE-4CAB-B464-7F54B166AC11}.Debug|Any CPU.Build.0 = Debug|Any CPU
		{2397BC43-06BE-4CAB-B464-7F54B166AC11}.Debug|Mixed Platforms.ActiveCfg = Debug|Any CPU
		{2397BC43-06BE-4CAB-B464-7F54B166AC11}.Debug|Mixed Platforms.Build.0 = Debug|Any CPU
		{2397BC43-06BE-4CAB-B464-7F54B166AC11}.Debug|x86.ActiveCfg = Debug|Any CPU
		{2397BC43-06BE-4CAB-B464-7F54B166AC11}.Release|Any CPU.ActiveCfg = Release|Any CPU
		{2397BC43-06BE-4CAB-B464-7F54B166AC11}.Release|Any CPU.Build.0 = Release|Any CPU
		{2397BC43-06BE-4CAB-B464-7F54B166AC11}.Release|Mixed Platforms.ActiveCfg = Release|Any CPU
		{2397BC43-06BE-4CAB-B464-7F54B166AC11}.Release|Mixed Platforms.Build.0 = Release|Any CPU
		{2397BC43-06BE-4CAB-B464-7F54B166AC11}.Release|x86.ActiveCfg = Release|Any CPU
		{53CDF0D4-5E67-429E-9372-27402460C6AD}.Debug|Any CPU.ActiveCfg = Debug|Any CPU
		{53CDF0D4-5E67-429E-9372-27402460C6AD}.Debug|Any CPU.Build.0 = Debug|Any CPU
		{53CDF0D4-5E67-429E-9372-27402460C6AD}.Debug|Mixed Platforms.ActiveCfg = Debug|Any CPU
		{53CDF0D4-5E67-429E-9372-27402460C6AD}.Debug|Mixed Platforms.Build.0 = Debug|Any CPU
		{53CDF0D4-5E67-429E-9372-27402460C6AD}.Debug|x86.ActiveCfg = Debug|Any CPU
		{53CDF0D4-5E67-429E-9372-27402460C6AD}.Release|Any CPU.ActiveCfg = Release|Any CPU
		{53CDF0D4-5E67-429E-9372-27402460C6AD}.Release|Any CPU.Build.0 = Release|Any CPU
		{53CDF0D4-5E67-429E-9372-27402460C6AD}.Release|Mixed Platforms.ActiveCfg = Release|Any CPU
		{53CDF0D4-5E67-429E-9372-27402460C6AD}.Release|Mixed Platforms.Build.0 = Release|Any CPU
		{53CDF0D4-5E67-429E-9372-27402460C6AD}.Release|x86.ActiveCfg = Release|Any CPU
		{08CCBA7A-0042-42A7-855E-09D7AACCE328}.Debug|Any CPU.ActiveCfg = Debug|Any CPU
		{08CCBA7A-0042-42A7-855E-09D7AACCE328}.Debug|Any CPU.Build.0 = Debug|Any CPU
		{08CCBA7A-0042-42A7-855E-09D7AACCE328}.Debug|Mixed Platforms.ActiveCfg = Debug|Any CPU
		{08CCBA7A-0042-42A7-855E-09D7AACCE328}.Debug|Mixed Platforms.Build.0 = Debug|Any CPU
		{08CCBA7A-0042-42A7-855E-09D7AACCE328}.Debug|x86.ActiveCfg = Debug|Any CPU
		{08CCBA7A-0042-42A7-855E-09D7AACCE328}.Release|Any CPU.ActiveCfg = Release|Any CPU
		{08CCBA7A-0042-42A7-855E-09D7AACCE328}.Release|Any CPU.Build.0 = Release|Any CPU
		{08CCBA7A-0042-42A7-855E-09D7AACCE328}.Release|Mixed Platforms.ActiveCfg = Release|Any CPU
		{08CCBA7A-0042-42A7-855E-09D7AACCE328}.Release|Mixed Platforms.Build.0 = Release|Any CPU
		{08CCBA7A-0042-42A7-855E-09D7AACCE328}.Release|x86.ActiveCfg = Release|Any CPU
		{916E06A8-7B5C-4158-8DE3-30E26C041DDF}.Debug|Any CPU.ActiveCfg = Debug|Any CPU
		{916E06A8-7B5C-4158-8DE3-30E26C041DDF}.Debug|Any CPU.Build.0 = Debug|Any CPU
		{916E06A8-7B5C-4158-8DE3-30E26C041DDF}.Debug|Mixed Platforms.ActiveCfg = Debug|Any CPU
		{916E06A8-7B5C-4158-8DE3-30E26C041DDF}.Debug|Mixed Platforms.Build.0 = Debug|Any CPU
		{916E06A8-7B5C-4158-8DE3-30E26C041DDF}.Debug|x86.ActiveCfg = Debug|Any CPU
		{916E06A8-7B5C-4158-8DE3-30E26C041DDF}.Release|Any CPU.ActiveCfg = Release|Any CPU
		{916E06A8-7B5C-4158-8DE3-30E26C041DDF}.Release|Any CPU.Build.0 = Release|Any CPU
		{916E06A8-7B5C-4158-8DE3-30E26C041DDF}.Release|Mixed Platforms.ActiveCfg = Release|Any CPU
		{916E06A8-7B5C-4158-8DE3-30E26C041DDF}.Release|Mixed Platforms.Build.0 = Release|Any CPU
		{916E06A8-7B5C-4158-8DE3-30E26C041DDF}.Release|x86.ActiveCfg = Release|Any CPU
		{B49A9B13-8B8B-4999-B49B-D62C523F68B1}.Debug|Any CPU.ActiveCfg = Debug|Any CPU
		{B49A9B13-8B8B-4999-B49B-D62C523F68B1}.Debug|Any CPU.Build.0 = Debug|Any CPU
		{B49A9B13-8B8B-4999-B49B-D62C523F68B1}.Debug|Mixed Platforms.ActiveCfg = Debug|Any CPU
		{B49A9B13-8B8B-4999-B49B-D62C523F68B1}.Debug|Mixed Platforms.Build.0 = Debug|Any CPU
		{B49A9B13-8B8B-4999-B49B-D62C523F68B1}.Debug|x86.ActiveCfg = Debug|Any CPU
		{B49A9B13-8B8B-4999-B49B-D62C523F68B1}.Release|Any CPU.ActiveCfg = Release|Any CPU
		{B49A9B13-8B8B-4999-B49B-D62C523F68B1}.Release|Any CPU.Build.0 = Release|Any CPU
		{B49A9B13-8B8B-4999-B49B-D62C523F68B1}.Release|Mixed Platforms.ActiveCfg = Release|Any CPU
		{B49A9B13-8B8B-4999-B49B-D62C523F68B1}.Release|Mixed Platforms.Build.0 = Release|Any CPU
		{B49A9B13-8B8B-4999-B49B-D62C523F68B1}.Release|x86.ActiveCfg = Release|Any CPU
		{08F94DE3-4D53-4FBA-9A10-902E37D0FE56}.Debug|Any CPU.ActiveCfg = Debug|Any CPU
		{08F94DE3-4D53-4FBA-9A10-902E37D0FE56}.Debug|Any CPU.Build.0 = Debug|Any CPU
		{08F94DE3-4D53-4FBA-9A10-902E37D0FE56}.Debug|Mixed Platforms.ActiveCfg = Debug|Any CPU
		{08F94DE3-4D53-4FBA-9A10-902E37D0FE56}.Debug|Mixed Platforms.Build.0 = Debug|Any CPU
		{08F94DE3-4D53-4FBA-9A10-902E37D0FE56}.Debug|x86.ActiveCfg = Debug|Any CPU
		{08F94DE3-4D53-4FBA-9A10-902E37D0FE56}.Release|Any CPU.ActiveCfg = Release|Any CPU
		{08F94DE3-4D53-4FBA-9A10-902E37D0FE56}.Release|Any CPU.Build.0 = Release|Any CPU
		{08F94DE3-4D53-4FBA-9A10-902E37D0FE56}.Release|Mixed Platforms.ActiveCfg = Release|Any CPU
		{08F94DE3-4D53-4FBA-9A10-902E37D0FE56}.Release|Mixed Platforms.Build.0 = Release|Any CPU
		{08F94DE3-4D53-4FBA-9A10-902E37D0FE56}.Release|x86.ActiveCfg = Release|Any CPU
		{A55E2D8D-C3B1-48A2-94AD-73F0EBF2B80D}.Debug|Any CPU.ActiveCfg = Debug|Any CPU
		{A55E2D8D-C3B1-48A2-94AD-73F0EBF2B80D}.Debug|Any CPU.Build.0 = Debug|Any CPU
		{A55E2D8D-C3B1-48A2-94AD-73F0EBF2B80D}.Debug|Mixed Platforms.ActiveCfg = Debug|Any CPU
		{A55E2D8D-C3B1-48A2-94AD-73F0EBF2B80D}.Debug|Mixed Platforms.Build.0 = Debug|Any CPU
		{A55E2D8D-C3B1-48A2-94AD-73F0EBF2B80D}.Debug|x86.ActiveCfg = Debug|Any CPU
		{A55E2D8D-C3B1-48A2-94AD-73F0EBF2B80D}.Release|Any CPU.ActiveCfg = Release|Any CPU
		{A55E2D8D-C3B1-48A2-94AD-73F0EBF2B80D}.Release|Any CPU.Build.0 = Release|Any CPU
		{A55E2D8D-C3B1-48A2-94AD-73F0EBF2B80D}.Release|Mixed Platforms.ActiveCfg = Release|Any CPU
		{A55E2D8D-C3B1-48A2-94AD-73F0EBF2B80D}.Release|Mixed Platforms.Build.0 = Release|Any CPU
		{A55E2D8D-C3B1-48A2-94AD-73F0EBF2B80D}.Release|x86.ActiveCfg = Release|Any CPU
		{DD275BBE-4860-45FA-AA0A-6DFC070EF61C}.Debug|Any CPU.ActiveCfg = Debug|x86
		{DD275BBE-4860-45FA-AA0A-6DFC070EF61C}.Debug|Mixed Platforms.ActiveCfg = Debug|x86
		{DD275BBE-4860-45FA-AA0A-6DFC070EF61C}.Debug|Mixed Platforms.Build.0 = Debug|x86
		{DD275BBE-4860-45FA-AA0A-6DFC070EF61C}.Debug|x86.ActiveCfg = Debug|x86
		{DD275BBE-4860-45FA-AA0A-6DFC070EF61C}.Debug|x86.Build.0 = Debug|x86
		{DD275BBE-4860-45FA-AA0A-6DFC070EF61C}.Release|Any CPU.ActiveCfg = Release|x86
		{DD275BBE-4860-45FA-AA0A-6DFC070EF61C}.Release|Mixed Platforms.ActiveCfg = Release|x86
		{DD275BBE-4860-45FA-AA0A-6DFC070EF61C}.Release|Mixed Platforms.Build.0 = Release|x86
		{DD275BBE-4860-45FA-AA0A-6DFC070EF61C}.Release|x86.ActiveCfg = Release|x86
		{DD275BBE-4860-45FA-AA0A-6DFC070EF61C}.Release|x86.Build.0 = Release|x86
	EndGlobalSection
	GlobalSection(SolutionProperties) = preSolution
		HideSolutionNode = FALSE
	EndGlobalSection
	GlobalSection(NestedProjects) = preSolution
		{10FEEE5B-C2AD-4B44-A697-6BC4E715F9A9} = {15F96F76-8182-402D-BAD9-EFC6FE1D0DCA}
		{2397BC43-06BE-4CAB-B464-7F54B166AC11} = {15F96F76-8182-402D-BAD9-EFC6FE1D0DCA}
		{53CDF0D4-5E67-429E-9372-27402460C6AD} = {15F96F76-8182-402D-BAD9-EFC6FE1D0DCA}
		{08CCBA7A-0042-42A7-855E-09D7AACCE328} = {15F96F76-8182-402D-BAD9-EFC6FE1D0DCA}
		{B49A9B13-8B8B-4999-B49B-D62C523F68B1} = {15F96F76-8182-402D-BAD9-EFC6FE1D0DCA}
		{08F94DE3-4D53-4FBA-9A10-902E37D0FE56} = {15F96F76-8182-402D-BAD9-EFC6FE1D0DCA}
		{A55E2D8D-C3B1-48A2-94AD-73F0EBF2B80D} = {15F96F76-8182-402D-BAD9-EFC6FE1D0DCA}
		{DD275BBE-4860-45FA-AA0A-6DFC070EF61C} = {15F96F76-8182-402D-BAD9-EFC6FE1D0DCA}
		{916E06A8-7B5C-4158-8DE3-30E26C041DDF} = {A548031D-89A5-465D-B8A4-DA1B8A1B2B97}
		{5A48B67F-1E7E-4ED6-A201-F6CC8E7E6788} = {55DD4FA5-C3FD-4DC6-99A9-15D71AC59541}
		{DD5C7E14-01CC-44FC-81BC-5C6CF6BB2AD9} = {55DD4FA5-C3FD-4DC6-99A9-15D71AC59541}
	EndGlobalSection
EndGlobal
